// !$*UTF8*$!
{
	archiveVersion = 1;
	classes = {
	};
	objectVersion = 50;
	objects = {

/* Begin PBXBuildFile section */
		1E463B1E2356994F0013A296 /* TagView.swift in Sources */ = {isa = PBXBuildFile; fileRef = 1E463B1D2356994F0013A296 /* TagView.swift */; };
		1E463B2023569AD50013A296 /* TagStackView.swift in Sources */ = {isa = PBXBuildFile; fileRef = 1E463B1F23569AD50013A296 /* TagStackView.swift */; };
		1E463B2223569C870013A296 /* Tag.swift in Sources */ = {isa = PBXBuildFile; fileRef = 1E463B2123569C870013A296 /* Tag.swift */; };
		1E5A0FF92352530C00778A99 /* AppDelegate.swift in Sources */ = {isa = PBXBuildFile; fileRef = 1E5A0FF82352530C00778A99 /* AppDelegate.swift */; };
		1E5A0FFB2352530C00778A99 /* SceneDelegate.swift in Sources */ = {isa = PBXBuildFile; fileRef = 1E5A0FFA2352530C00778A99 /* SceneDelegate.swift */; };
		1E5A10052352530D00778A99 /* LaunchScreen.storyboard in Resources */ = {isa = PBXBuildFile; fileRef = 1E5A10032352530D00778A99 /* LaunchScreen.storyboard */; };
		1E5A100F23525D8200778A99 /* S2UIColor.swift in Sources */ = {isa = PBXBuildFile; fileRef = 1E5A100E23525D8200778A99 /* S2UIColor.swift */; };
		1E5A101023525ED500778A99 /* Assets.xcassets in Resources */ = {isa = PBXBuildFile; fileRef = 1E5A100C2352578900778A99 /* Assets.xcassets */; };
		1EAFA588235A036100901F3F /* PlaceDetailView.swift in Sources */ = {isa = PBXBuildFile; fileRef = 1EAFA587235A036100901F3F /* PlaceDetailView.swift */; };
		1EB6DE6B235A545800B0D4ED /* ProgramCellView.swift in Sources */ = {isa = PBXBuildFile; fileRef = 1EB6DE6A235A545800B0D4ED /* ProgramCellView.swift */; };
		1EB6DE6E235A54A900B0D4ED /* SmallStarView.swift in Sources */ = {isa = PBXBuildFile; fileRef = 1EB6DE6D235A54A900B0D4ED /* SmallStarView.swift */; };
		1EB6DE70235A54B400B0D4ED /* LargeStarView.swift in Sources */ = {isa = PBXBuildFile; fileRef = 1EB6DE6F235A54B400B0D4ED /* LargeStarView.swift */; };
		1EB6DE73235A551E00B0D4ED /* SmallMapView.swift in Sources */ = {isa = PBXBuildFile; fileRef = 1EB6DE72235A551E00B0D4ED /* SmallMapView.swift */; };
		1EB6DE76235A55B400B0D4ED /* ImageCarouselView.swift in Sources */ = {isa = PBXBuildFile; fileRef = 1EB6DE75235A55B400B0D4ED /* ImageCarouselView.swift */; };
		1EB6DE79235A56C900B0D4ED /* MoneyStatusView.swift in Sources */ = {isa = PBXBuildFile; fileRef = 1EB6DE78235A56C900B0D4ED /* MoneyStatusView.swift */; };
		1EB6DE7B235A572900B0D4ED /* PlaceListView.swift in Sources */ = {isa = PBXBuildFile; fileRef = 1EB6DE7A235A572900B0D4ED /* PlaceListView.swift */; };
		1EB6DE7D235A575000B0D4ED /* PlaceCellView.swift in Sources */ = {isa = PBXBuildFile; fileRef = 1EB6DE7C235A575000B0D4ED /* PlaceCellView.swift */; };
		1EB6DE7F235A72F200B0D4ED /* TagProgramView.swift in Sources */ = {isa = PBXBuildFile; fileRef = 1EB6DE7E235A72F200B0D4ED /* TagProgramView.swift */; };
/* End PBXBuildFile section */

/* Begin PBXFileReference section */
		1E463B1D2356994F0013A296 /* TagView.swift */ = {isa = PBXFileReference; lastKnownFileType = sourcecode.swift; path = TagView.swift; sourceTree = "<group>"; };
		1E463B1F23569AD50013A296 /* TagStackView.swift */ = {isa = PBXFileReference; lastKnownFileType = sourcecode.swift; path = TagStackView.swift; sourceTree = "<group>"; };
		1E463B2123569C870013A296 /* Tag.swift */ = {isa = PBXFileReference; lastKnownFileType = sourcecode.swift; path = Tag.swift; sourceTree = "<group>"; };
		1E5A0FF52352530C00778A99 /* s2.app */ = {isa = PBXFileReference; explicitFileType = wrapper.application; includeInIndex = 0; path = s2.app; sourceTree = BUILT_PRODUCTS_DIR; };
		1E5A0FF82352530C00778A99 /* AppDelegate.swift */ = {isa = PBXFileReference; lastKnownFileType = sourcecode.swift; path = AppDelegate.swift; sourceTree = "<group>"; };
		1E5A0FFA2352530C00778A99 /* SceneDelegate.swift */ = {isa = PBXFileReference; lastKnownFileType = sourcecode.swift; path = SceneDelegate.swift; sourceTree = "<group>"; };
		1E5A10042352530D00778A99 /* Base */ = {isa = PBXFileReference; lastKnownFileType = file.storyboard; name = Base; path = Base.lproj/LaunchScreen.storyboard; sourceTree = "<group>"; };
		1E5A10062352530D00778A99 /* Info.plist */ = {isa = PBXFileReference; lastKnownFileType = text.plist.xml; path = Info.plist; sourceTree = "<group>"; };
		1E5A100C2352578900778A99 /* Assets.xcassets */ = {isa = PBXFileReference; lastKnownFileType = folder.assetcatalog; path = Assets.xcassets; sourceTree = "<group>"; };
		1E5A100D2352580200778A99 /* Preview Assets.xcassets */ = {isa = PBXFileReference; lastKnownFileType = folder.assetcatalog; path = "Preview Assets.xcassets"; sourceTree = "<group>"; };
		1E5A100E23525D8200778A99 /* S2UIColor.swift */ = {isa = PBXFileReference; lastKnownFileType = sourcecode.swift; path = S2UIColor.swift; sourceTree = "<group>"; };
		1EAFA587235A036100901F3F /* PlaceDetailView.swift */ = {isa = PBXFileReference; lastKnownFileType = sourcecode.swift; path = PlaceDetailView.swift; sourceTree = "<group>"; };
		1EB6DE6A235A545800B0D4ED /* ProgramCellView.swift */ = {isa = PBXFileReference; lastKnownFileType = sourcecode.swift; path = ProgramCellView.swift; sourceTree = "<group>"; };
		1EB6DE6D235A54A900B0D4ED /* SmallStarView.swift */ = {isa = PBXFileReference; lastKnownFileType = sourcecode.swift; path = SmallStarView.swift; sourceTree = "<group>"; };
		1EB6DE6F235A54B400B0D4ED /* LargeStarView.swift */ = {isa = PBXFileReference; lastKnownFileType = sourcecode.swift; path = LargeStarView.swift; sourceTree = "<group>"; };
		1EB6DE72235A551E00B0D4ED /* SmallMapView.swift */ = {isa = PBXFileReference; lastKnownFileType = sourcecode.swift; path = SmallMapView.swift; sourceTree = "<group>"; };
		1EB6DE75235A55B400B0D4ED /* ImageCarouselView.swift */ = {isa = PBXFileReference; lastKnownFileType = sourcecode.swift; path = ImageCarouselView.swift; sourceTree = "<group>"; };
		1EB6DE78235A56C900B0D4ED /* MoneyStatusView.swift */ = {isa = PBXFileReference; lastKnownFileType = sourcecode.swift; path = MoneyStatusView.swift; sourceTree = "<group>"; };
		1EB6DE7A235A572900B0D4ED /* PlaceListView.swift */ = {isa = PBXFileReference; lastKnownFileType = sourcecode.swift; path = PlaceListView.swift; sourceTree = "<group>"; };
		1EB6DE7C235A575000B0D4ED /* PlaceCellView.swift */ = {isa = PBXFileReference; lastKnownFileType = sourcecode.swift; path = PlaceCellView.swift; sourceTree = "<group>"; };
		1EB6DE7E235A72F200B0D4ED /* TagProgramView.swift */ = {isa = PBXFileReference; lastKnownFileType = sourcecode.swift; path = TagProgramView.swift; sourceTree = "<group>"; };
/* End PBXFileReference section */

/* Begin PBXFrameworksBuildPhase section */
		1E5A0FF22352530C00778A99 /* Frameworks */ = {
			isa = PBXFrameworksBuildPhase;
			buildActionMask = 2147483647;
			files = (
			);
			runOnlyForDeploymentPostprocessing = 0;
		};
/* End PBXFrameworksBuildPhase section */

/* Begin PBXGroup section */
		1E5A0FEC2352530C00778A99 = {
			isa = PBXGroup;
			children = (
				1E5A0FF72352530C00778A99 /* s2 */,
				1E5A0FF62352530C00778A99 /* Products */,
			);
			sourceTree = "<group>";
		};
		1E5A0FF62352530C00778A99 /* Products */ = {
			isa = PBXGroup;
			children = (
				1E5A0FF52352530C00778A99 /* s2.app */,
			);
			name = Products;
			sourceTree = "<group>";
		};
		1E5A0FF72352530C00778A99 /* s2 */ = {
			isa = PBXGroup;
			children = (
				1E5A0FF82352530C00778A99 /* AppDelegate.swift */,
				1E5A0FFA2352530C00778A99 /* SceneDelegate.swift */,
				1EB6DE63235A532300B0D4ED /* views */,
				1EB6DE68235A535E00B0D4ED /* helper */,
				1E5A10032352530D00778A99 /* LaunchScreen.storyboard */,
				1E5A100C2352578900778A99 /* Assets.xcassets */,
				1E5A10062352530D00778A99 /* Info.plist */,
				1E5A10002352530D00778A99 /* Preview Content */,
			);
			path = s2;
			sourceTree = "<group>";
		};
		1E5A10002352530D00778A99 /* Preview Content */ = {
			isa = PBXGroup;
			children = (
				1E5A100D2352580200778A99 /* Preview Assets.xcassets */,
			);
			path = "Preview Content";
			sourceTree = "<group>";
		};
		1EB6DE63235A532300B0D4ED /* views */ = {
			isa = PBXGroup;
			children = (
				1EB6DE65235A533000B0D4ED /* components */,
				1EB6DE64235A532B00B0D4ED /* pages */,
			);
			path = views;
			sourceTree = "<group>";
		};
		1EB6DE64235A532B00B0D4ED /* pages */ = {
			isa = PBXGroup;
			children = (
				1EB6DE69235A544B00B0D4ED /* program */,
				1EB6DE67235A534800B0D4ED /* place */,
			);
			path = pages;
			sourceTree = "<group>";
		};
		1EB6DE65235A533000B0D4ED /* components */ = {
			isa = PBXGroup;
			children = (
				1EB6DE78235A56C900B0D4ED /* MoneyStatusView.swift */,
				1EB6DE75235A55B400B0D4ED /* ImageCarouselView.swift */,
				1EB6DE72235A551E00B0D4ED /* SmallMapView.swift */,
				1EB6DE6C235A548800B0D4ED /* star */,
				1EB6DE66235A533700B0D4ED /* tag */,
			);
			path = components;
			sourceTree = "<group>";
		};
		1EB6DE66235A533700B0D4ED /* tag */ = {
			isa = PBXGroup;
			children = (
				1E463B2123569C870013A296 /* Tag.swift */,
				1E463B1D2356994F0013A296 /* TagView.swift */,
				1E463B1F23569AD50013A296 /* TagStackView.swift */,
				1EB6DE7E235A72F200B0D4ED /* TagProgramView.swift */,
			);
			path = tag;
			sourceTree = "<group>";
		};
		1EB6DE67235A534800B0D4ED /* place */ = {
			isa = PBXGroup;
			children = (
				1EB6DE7C235A575000B0D4ED /* PlaceCellView.swift */,
				1EB6DE7A235A572900B0D4ED /* PlaceListView.swift */,
				1EAFA587235A036100901F3F /* PlaceDetailView.swift */,
			);
			path = place;
			sourceTree = "<group>";
		};
		1EB6DE68235A535E00B0D4ED /* helper */ = {
			isa = PBXGroup;
			children = (
				1E5A100E23525D8200778A99 /* S2UIColor.swift */,
			);
			path = helper;
			sourceTree = "<group>";
		};
		1EB6DE69235A544B00B0D4ED /* program */ = {
			isa = PBXGroup;
			children = (
				1EB6DE6A235A545800B0D4ED /* ProgramCellView.swift */,
			);
			path = program;
			sourceTree = "<group>";
		};
		1EB6DE6C235A548800B0D4ED /* star */ = {
			isa = PBXGroup;
			children = (
				1EB6DE6D235A54A900B0D4ED /* SmallStarView.swift */,
				1EB6DE6F235A54B400B0D4ED /* LargeStarView.swift */,
			);
			path = star;
			sourceTree = "<group>";
		};
/* End PBXGroup section */

/* Begin PBXNativeTarget section */
		1E5A0FF42352530C00778A99 /* s2 */ = {
			isa = PBXNativeTarget;
			buildConfigurationList = 1E5A10092352530D00778A99 /* Build configuration list for PBXNativeTarget "s2" */;
			buildPhases = (
				1E5A0FF12352530C00778A99 /* Sources */,
				1E5A0FF22352530C00778A99 /* Frameworks */,
				1E5A0FF32352530C00778A99 /* Resources */,
			);
			buildRules = (
			);
			dependencies = (
			);
			name = s2;
			productName = s2;
			productReference = 1E5A0FF52352530C00778A99 /* s2.app */;
			productType = "com.apple.product-type.application";
		};
/* End PBXNativeTarget section */

/* Begin PBXProject section */
		1E5A0FED2352530C00778A99 /* Project object */ = {
			isa = PBXProject;
			attributes = {
				LastSwiftUpdateCheck = 1100;
				LastUpgradeCheck = 1100;
				ORGANIZATIONNAME = "Apollo Technology";
				TargetAttributes = {
					1E5A0FF42352530C00778A99 = {
						CreatedOnToolsVersion = 11.0;
					};
				};
			};
			buildConfigurationList = 1E5A0FF02352530C00778A99 /* Build configuration list for PBXProject "s2" */;
			compatibilityVersion = "Xcode 9.3";
			developmentRegion = en;
			hasScannedForEncodings = 0;
			knownRegions = (
				en,
				Base,
			);
			mainGroup = 1E5A0FEC2352530C00778A99;
			productRefGroup = 1E5A0FF62352530C00778A99 /* Products */;
			projectDirPath = "";
			projectRoot = "";
			targets = (
				1E5A0FF42352530C00778A99 /* s2 */,
			);
		};
/* End PBXProject section */

/* Begin PBXResourcesBuildPhase section */
		1E5A0FF32352530C00778A99 /* Resources */ = {
			isa = PBXResourcesBuildPhase;
			buildActionMask = 2147483647;
			files = (
				1E5A101023525ED500778A99 /* Assets.xcassets in Resources */,
				1E5A10052352530D00778A99 /* LaunchScreen.storyboard in Resources */,
			);
			runOnlyForDeploymentPostprocessing = 0;
		};
/* End PBXResourcesBuildPhase section */

/* Begin PBXSourcesBuildPhase section */
		1E5A0FF12352530C00778A99 /* Sources */ = {
			isa = PBXSourcesBuildPhase;
			buildActionMask = 2147483647;
			files = (
				1E463B1E2356994F0013A296 /* TagView.swift in Sources */,
				1EB6DE6B235A545800B0D4ED /* ProgramCellView.swift in Sources */,
				1E5A100F23525D8200778A99 /* S2UIColor.swift in Sources */,
				1EB6DE70235A54B400B0D4ED /* LargeStarView.swift in Sources */,
				1E463B2223569C870013A296 /* Tag.swift in Sources */,
				1EB6DE79235A56C900B0D4ED /* MoneyStatusView.swift in Sources */,
				1E463B2023569AD50013A296 /* TagStackView.swift in Sources */,
				1EAFA588235A036100901F3F /* PlaceDetailView.swift in Sources */,
				1EB6DE6E235A54A900B0D4ED /* SmallStarView.swift in Sources */,
				1E5A0FF92352530C00778A99 /* AppDelegate.swift in Sources */,
				1E5A0FFB2352530C00778A99 /* SceneDelegate.swift in Sources */,
				1EB6DE7B235A572900B0D4ED /* PlaceListView.swift in Sources */,
				1EB6DE76235A55B400B0D4ED /* ImageCarouselView.swift in Sources */,
				1EB6DE7D235A575000B0D4ED /* PlaceCellView.swift in Sources */,
				1EB6DE7F235A72F200B0D4ED /* TagProgramView.swift in Sources */,
				1EB6DE73235A551E00B0D4ED /* SmallMapView.swift in Sources */,
			);
			runOnlyForDeploymentPostprocessing = 0;
		};
/* End PBXSourcesBuildPhase section */

/* Begin PBXVariantGroup section */
		1E5A10032352530D00778A99 /* LaunchScreen.storyboard */ = {
			isa = PBXVariantGroup;
			children = (
				1E5A10042352530D00778A99 /* Base */,
			);
			name = LaunchScreen.storyboard;
			sourceTree = "<group>";
		};
/* End PBXVariantGroup section */

/* Begin XCBuildConfiguration section */
		1E5A10072352530D00778A99 /* Debug */ = {
			isa = XCBuildConfiguration;
			buildSettings = {
				ALWAYS_SEARCH_USER_PATHS = NO;
				CLANG_ANALYZER_NONNULL = YES;
				CLANG_ANALYZER_NUMBER_OBJECT_CONVERSION = YES_AGGRESSIVE;
				CLANG_CXX_LANGUAGE_STANDARD = "gnu++14";
				CLANG_CXX_LIBRARY = "libc++";
				CLANG_ENABLE_MODULES = YES;
				CLANG_ENABLE_OBJC_ARC = YES;
				CLANG_ENABLE_OBJC_WEAK = YES;
				CLANG_WARN_BLOCK_CAPTURE_AUTORELEASING = YES;
				CLANG_WARN_BOOL_CONVERSION = YES;
				CLANG_WARN_COMMA = YES;
				CLANG_WARN_CONSTANT_CONVERSION = YES;
				CLANG_WARN_DEPRECATED_OBJC_IMPLEMENTATIONS = YES;
				CLANG_WARN_DIRECT_OBJC_ISA_USAGE = YES_ERROR;
				CLANG_WARN_DOCUMENTATION_COMMENTS = YES;
				CLANG_WARN_EMPTY_BODY = YES;
				CLANG_WARN_ENUM_CONVERSION = YES;
				CLANG_WARN_INFINITE_RECURSION = YES;
				CLANG_WARN_INT_CONVERSION = YES;
				CLANG_WARN_NON_LITERAL_NULL_CONVERSION = YES;
				CLANG_WARN_OBJC_IMPLICIT_RETAIN_SELF = YES;
				CLANG_WARN_OBJC_LITERAL_CONVERSION = YES;
				CLANG_WARN_OBJC_ROOT_CLASS = YES_ERROR;
				CLANG_WARN_RANGE_LOOP_ANALYSIS = YES;
				CLANG_WARN_STRICT_PROTOTYPES = YES;
				CLANG_WARN_SUSPICIOUS_MOVE = YES;
				CLANG_WARN_UNGUARDED_AVAILABILITY = YES_AGGRESSIVE;
				CLANG_WARN_UNREACHABLE_CODE = YES;
				CLANG_WARN__DUPLICATE_METHOD_MATCH = YES;
				COPY_PHASE_STRIP = NO;
				DEBUG_INFORMATION_FORMAT = dwarf;
				ENABLE_STRICT_OBJC_MSGSEND = YES;
				ENABLE_TESTABILITY = YES;
				GCC_C_LANGUAGE_STANDARD = gnu11;
				GCC_DYNAMIC_NO_PIC = NO;
				GCC_NO_COMMON_BLOCKS = YES;
				GCC_OPTIMIZATION_LEVEL = 0;
				GCC_PREPROCESSOR_DEFINITIONS = (
					"DEBUG=1",
					"$(inherited)",
				);
				GCC_WARN_64_TO_32_BIT_CONVERSION = YES;
				GCC_WARN_ABOUT_RETURN_TYPE = YES_ERROR;
				GCC_WARN_UNDECLARED_SELECTOR = YES;
				GCC_WARN_UNINITIALIZED_AUTOS = YES_AGGRESSIVE;
				GCC_WARN_UNUSED_FUNCTION = YES;
				GCC_WARN_UNUSED_VARIABLE = YES;
				IPHONEOS_DEPLOYMENT_TARGET = 13.0;
				MTL_ENABLE_DEBUG_INFO = INCLUDE_SOURCE;
				MTL_FAST_MATH = YES;
				ONLY_ACTIVE_ARCH = YES;
				SDKROOT = iphoneos;
				SWIFT_ACTIVE_COMPILATION_CONDITIONS = DEBUG;
				SWIFT_OPTIMIZATION_LEVEL = "-Onone";
			};
			name = Debug;
		};
		1E5A10082352530D00778A99 /* Release */ = {
			isa = XCBuildConfiguration;
			buildSettings = {
				ALWAYS_SEARCH_USER_PATHS = NO;
				CLANG_ANALYZER_NONNULL = YES;
				CLANG_ANALYZER_NUMBER_OBJECT_CONVERSION = YES_AGGRESSIVE;
				CLANG_CXX_LANGUAGE_STANDARD = "gnu++14";
				CLANG_CXX_LIBRARY = "libc++";
				CLANG_ENABLE_MODULES = YES;
				CLANG_ENABLE_OBJC_ARC = YES;
				CLANG_ENABLE_OBJC_WEAK = YES;
				CLANG_WARN_BLOCK_CAPTURE_AUTORELEASING = YES;
				CLANG_WARN_BOOL_CONVERSION = YES;
				CLANG_WARN_COMMA = YES;
				CLANG_WARN_CONSTANT_CONVERSION = YES;
				CLANG_WARN_DEPRECATED_OBJC_IMPLEMENTATIONS = YES;
				CLANG_WARN_DIRECT_OBJC_ISA_USAGE = YES_ERROR;
				CLANG_WARN_DOCUMENTATION_COMMENTS = YES;
				CLANG_WARN_EMPTY_BODY = YES;
				CLANG_WARN_ENUM_CONVERSION = YES;
				CLANG_WARN_INFINITE_RECURSION = YES;
				CLANG_WARN_INT_CONVERSION = YES;
				CLANG_WARN_NON_LITERAL_NULL_CONVERSION = YES;
				CLANG_WARN_OBJC_IMPLICIT_RETAIN_SELF = YES;
				CLANG_WARN_OBJC_LITERAL_CONVERSION = YES;
				CLANG_WARN_OBJC_ROOT_CLASS = YES_ERROR;
				CLANG_WARN_RANGE_LOOP_ANALYSIS = YES;
				CLANG_WARN_STRICT_PROTOTYPES = YES;
				CLANG_WARN_SUSPICIOUS_MOVE = YES;
				CLANG_WARN_UNGUARDED_AVAILABILITY = YES_AGGRESSIVE;
				CLANG_WARN_UNREACHABLE_CODE = YES;
				CLANG_WARN__DUPLICATE_METHOD_MATCH = YES;
				COPY_PHASE_STRIP = NO;
				DEBUG_INFORMATION_FORMAT = "dwarf-with-dsym";
				ENABLE_NS_ASSERTIONS = NO;
				ENABLE_STRICT_OBJC_MSGSEND = YES;
				GCC_C_LANGUAGE_STANDARD = gnu11;
				GCC_NO_COMMON_BLOCKS = YES;
				GCC_WARN_64_TO_32_BIT_CONVERSION = YES;
				GCC_WARN_ABOUT_RETURN_TYPE = YES_ERROR;
				GCC_WARN_UNDECLARED_SELECTOR = YES;
				GCC_WARN_UNINITIALIZED_AUTOS = YES_AGGRESSIVE;
				GCC_WARN_UNUSED_FUNCTION = YES;
				GCC_WARN_UNUSED_VARIABLE = YES;
				IPHONEOS_DEPLOYMENT_TARGET = 13.0;
				MTL_ENABLE_DEBUG_INFO = NO;
				MTL_FAST_MATH = YES;
				SDKROOT = iphoneos;
				SWIFT_COMPILATION_MODE = wholemodule;
				SWIFT_OPTIMIZATION_LEVEL = "-O";
				VALIDATE_PRODUCT = YES;
			};
			name = Release;
		};
		1E5A100A2352530D00778A99 /* Debug */ = {
			isa = XCBuildConfiguration;
			buildSettings = {
				ASSETCATALOG_COMPILER_APPICON_NAME = AppIcon;
				CODE_SIGN_STYLE = Automatic;
				DEVELOPMENT_ASSET_PATHS = "\"s2/Preview Content\"";
				DEVELOPMENT_TEAM = 3XHW8FDBT3;
				ENABLE_PREVIEWS = YES;
				INFOPLIST_FILE = s2/Info.plist;
				LD_RUNPATH_SEARCH_PATHS = (
					"$(inherited)",
					"@executable_path/Frameworks",
				);
				PRODUCT_BUNDLE_IDENTIFIER = com.apollotechnology.s2;
				PRODUCT_NAME = "$(TARGET_NAME)";
				SWIFT_VERSION = 5.0;
				TARGETED_DEVICE_FAMILY = "1,2";
			};
			name = Debug;
		};
		1E5A100B2352530D00778A99 /* Release */ = {
			isa = XCBuildConfiguration;
			buildSettings = {
				ASSETCATALOG_COMPILER_APPICON_NAME = AppIcon;
				CODE_SIGN_STYLE = Automatic;
				DEVELOPMENT_ASSET_PATHS = "\"s2/Preview Content\"";
				DEVELOPMENT_TEAM = 3XHW8FDBT3;
				ENABLE_PREVIEWS = YES;
				INFOPLIST_FILE = s2/Info.plist;
				LD_RUNPATH_SEARCH_PATHS = (
					"$(inherited)",
					"@executable_path/Frameworks",
				);
				PRODUCT_BUNDLE_IDENTIFIER = com.apollotechnology.s2;
				PRODUCT_NAME = "$(TARGET_NAME)";
				SWIFT_VERSION = 5.0;
				TARGETED_DEVICE_FAMILY = "1,2";
			};
			name = Release;
		};
/* End XCBuildConfiguration section */

/* Begin XCConfigurationList section */
		1E5A0FF02352530C00778A99 /* Build configuration list for PBXProject "s2" */ = {
			isa = XCConfigurationList;
			buildConfigurations = (
				1E5A10072352530D00778A99 /* Debug */,
				1E5A10082352530D00778A99 /* Release */,
			);
			defaultConfigurationIsVisible = 0;
			defaultConfigurationName = Release;
		};
		1E5A10092352530D00778A99 /* Build configuration list for PBXNativeTarget "s2" */ = {
			isa = XCConfigurationList;
			buildConfigurations = (
				1E5A100A2352530D00778A99 /* Debug */,
				1E5A100B2352530D00778A99 /* Release */,
			);
			defaultConfigurationIsVisible = 0;
			defaultConfigurationName = Release;
		};
/* End XCConfigurationList section */
	};
	rootObject = 1E5A0FED2352530C00778A99 /* Project object */;
}
